
Microsoft Visual Studio Solution File, Format Version 12.00
# Visual Studio Version 18
VisualStudioVersion = 18.2.11408.102 d18.0
MinimumVisualStudioVersion = 10.0.40219.1
Project("{FAE04EC0-301F-11D3-BF4B-00C04F79EFBC}") = "CheckersClient", "CheckersClient.csproj", "{7B57430E-00BF-0319-A688-DC1697FBB913}"
EndProject
Global
	GlobalSection(SolutionConfigurationPlatforms) = preSolution
		Debug|Any CPU = Debug|Any CPU
		Release|Any CPU = Release|Any CPU
	EndGlobalSection
	GlobalSection(ProjectConfigurationPlatforms) = postSolution
		{7B57430E-00BF-0319-A688-DC1697FBB913}.Debug|Any CPU.ActiveCfg = Debug|Any CPU
		{7B57430E-00BF-0319-A688-DC1697FBB913}.Debug|Any CPU.Build.0 = Debug|Any CPU
		{7B57430E-00BF-0319-A688-DC1697FBB913}.Release|Any CPU.ActiveCfg = Release|Any CPU
		{7B57430E-00BF-0319-A688-DC1697FBB913}.Release|Any CPU.Build.0 = Release|Any CPU
	EndGlobalSection
	GlobalSection(SolutionProperties) = preSolution
		HideSolutionNode = FALSE
	EndGlobalSection
	GlobalSection(ExtensibilityGlobals) = postSolution
		SolutionGuid = {B2D055E1-265A-4F10-9F7F-344FF963B1BA}
	EndGlobalSection
EndGlobal
